
Microsoft Visual Studio Solution File, Format Version 12.00
# Visual Studio 2013
VisualStudioVersion = 12.0.31101.0
MinimumVisualStudioVersion = 10.0.40219.1
Project("{FAE04EC0-301F-11D3-BF4B-00C04F79EFBC}") = "ProteinTrackerRedis", "ProteinTrackerRedis\ProteinTrackerRedis.csproj", "{46542F35-3E9E-4FAB-A7D4-51F8905879F0}"
EndProject
Project("{FAE04EC0-301F-11D3-BF4B-00C04F79EFBC}") = "ProteinTrackerRedis.Tests", "ProteinTrackerRedis.Tests\ProteinTrackerRedis.Tests.csproj", "{B37AF3B0-A5BC-457D-B2F8-2B50C2543ED0}"
EndProject
Global
	GlobalSection(TeamFoundationVersionControl) = preSolution
		SccNumberOfProjects = 3
		SccEnterpriseProvider = {4CA58AB2-18FA-4F8D-95D4-32DDF27D184C}
		SccTeamFoundationServer = https://pratikvsb.visualstudio.com/defaultcollection
		SccLocalPath0 = .
		SccProjectUniqueName1 = ProteinTrackerRedis\\ProteinTrackerRedis.csproj
		SccProjectName1 = ProteinTrackerRedis
		SccLocalPath1 = ProteinTrackerRedis
		SccProjectUniqueName2 = ProteinTrackerRedis.Tests\\ProteinTrackerRedis.Tests.csproj
		SccProjectName2 = ProteinTrackerRedis.Tests
		SccLocalPath2 = ProteinTrackerRedis.Tests
	EndGlobalSection
	GlobalSection(SolutionConfigurationPlatforms) = preSolution
		Debug|Any CPU = Debug|Any CPU
		Release|Any CPU = Release|Any CPU
	EndGlobalSection
	GlobalSection(ProjectConfigurationPlatforms) = postSolution
		{46542F35-3E9E-4FAB-A7D4-51F8905879F0}.Debug|Any CPU.ActiveCfg = Debug|Any CPU
		{46542F35-3E9E-4FAB-A7D4-51F8905879F0}.Debug|Any CPU.Build.0 = Debug|Any CPU
		{46542F35-3E9E-4FAB-A7D4-51F8905879F0}.Release|Any CPU.ActiveCfg = Release|Any CPU
		{46542F35-3E9E-4FAB-A7D4-51F8905879F0}.Release|Any CPU.Build.0 = Release|Any CPU
		{B37AF3B0-A5BC-457D-B2F8-2B50C2543ED0}.Debug|Any CPU.ActiveCfg = Debug|Any CPU
		{B37AF3B0-A5BC-457D-B2F8-2B50C2543ED0}.Debug|Any CPU.Build.0 = Debug|Any CPU
		{B37AF3B0-A5BC-457D-B2F8-2B50C2543ED0}.Release|Any CPU.ActiveCfg = Release|Any CPU
		{B37AF3B0-A5BC-457D-B2F8-2B50C2543ED0}.Release|Any CPU.Build.0 = Release|Any CPU
	EndGlobalSection
	GlobalSection(SolutionProperties) = preSolution
		HideSolutionNode = FALSE
	EndGlobalSection
EndGlobal
